
Microsoft Visual Studio Solution File, Format Version 12.00
# Visual Studio 14
VisualStudioVersion = 14.0.23107.0
MinimumVisualStudioVersion = 10.0.40219.1
Project("{2150E333-8FDC-42A3-9474-1A3956D46DE8}") = "Test", "Test", "{4E23F14C-621A-4009-9FB5-C6771DD93FFC}"
EndProject
Project("{FAE04EC0-301F-11D3-BF4B-00C04F79EFBC}") = "DBTek.Crypto", "DBTek.Crypto\DBTek.Crypto.csproj", "{6780ACC5-60FE-40F9-B01E-A64E73FBFDC0}"
EndProject
Project("{FAE04EC0-301F-11D3-BF4B-00C04F79EFBC}") = "DBTek.Crypto.Test", "DBTek.Crypto.Test\DBTek.Crypto.Test.csproj", "{BD4FA5C9-244C-4B04-A5DD-5A3F9389BE71}"
EndProject
Project("{D954291E-2A0B-460D-934E-DC6B0785DB48}") = "DBTek.Crypto.Shared", "DBTek.Crypto.Shared\DBTek.Crypto.Shared.shproj", "{1AA317AF-0307-413E-97B1-D08F6266FE0C}"
EndProject
Project("{FAE04EC0-301F-11D3-BF4B-00C04F79EFBC}") = "DBTek.Crypto.Windows", "DBTek.Crypto.Windows\DBTek.Crypto.Windows.csproj", "{99EB2311-D22F-4830-ACC4-08FA075F8D69}"
EndProject
Project("{FAE04EC0-301F-11D3-BF4B-00C04F79EFBC}") = "DBTek.Crypto.WindowsPhone", "DBTek.Crypto.WindowsPhone\DBTek.Crypto.WindowsPhone.csproj", "{7B435419-0C10-4862-AF53-A7D868E906E1}"
EndProject
Project("{FAE04EC0-301F-11D3-BF4B-00C04F79EFBC}") = "DBTek.Crypto.WindowsPhoneSL", "DBTek.Crypto.WindowsPhoneSL\DBTek.Crypto.WindowsPhoneSL.csproj", "{81F1443B-4C3C-493D-9C97-F0BD1E38D42D}"
EndProject
Global
	GlobalSection(SharedMSBuildProjectFiles) = preSolution
		DBTek.Crypto.Shared\DBTek.Crypto.Shared.projitems*{6780acc5-60fe-40f9-b01e-a64e73fbfdc0}*SharedItemsImports = 4
		DBTek.Crypto.Shared\DBTek.Crypto.Shared.projitems*{1aa317af-0307-413e-97b1-d08f6266fe0c}*SharedItemsImports = 13
		DBTek.Crypto.Shared\DBTek.Crypto.Shared.projitems*{7b435419-0c10-4862-af53-a7d868e906e1}*SharedItemsImports = 4
		DBTek.Crypto.Shared\DBTek.Crypto.Shared.projitems*{81f1443b-4c3c-493d-9c97-f0bd1e38d42d}*SharedItemsImports = 4
		DBTek.Crypto.Shared\DBTek.Crypto.Shared.projitems*{99eb2311-d22f-4830-acc4-08fa075f8d69}*SharedItemsImports = 4
	EndGlobalSection
	GlobalSection(SolutionConfigurationPlatforms) = preSolution
		Debug|Any CPU = Debug|Any CPU
		Debug|ARM = Debug|ARM
		Debug|x64 = Debug|x64
		Debug|x86 = Debug|x86
		Release|Any CPU = Release|Any CPU
		Release|ARM = Release|ARM
		Release|x64 = Release|x64
		Release|x86 = Release|x86
	EndGlobalSection
	GlobalSection(ProjectConfigurationPlatforms) = postSolution
		{6780ACC5-60FE-40F9-B01E-A64E73FBFDC0}.Debug|Any CPU.ActiveCfg = Debug|Any CPU
		{6780ACC5-60FE-40F9-B01E-A64E73FBFDC0}.Debug|Any CPU.Build.0 = Debug|Any CPU
		{6780ACC5-60FE-40F9-B01E-A64E73FBFDC0}.Debug|ARM.ActiveCfg = Debug|Any CPU
		{6780ACC5-60FE-40F9-B01E-A64E73FBFDC0}.Debug|ARM.Build.0 = Debug|Any CPU
		{6780ACC5-60FE-40F9-B01E-A64E73FBFDC0}.Debug|x64.ActiveCfg = Debug|Any CPU
		{6780ACC5-60FE-40F9-B01E-A64E73FBFDC0}.Debug|x64.Build.0 = Debug|Any CPU
		{6780ACC5-60FE-40F9-B01E-A64E73FBFDC0}.Debug|x86.ActiveCfg = Debug|Any CPU
		{6780ACC5-60FE-40F9-B01E-A64E73FBFDC0}.Debug|x86.Build.0 = Debug|Any CPU
		{6780ACC5-60FE-40F9-B01E-A64E73FBFDC0}.Release|Any CPU.ActiveCfg = Release|Any CPU
		{6780ACC5-60FE-40F9-B01E-A64E73FBFDC0}.Release|Any CPU.Build.0 = Release|Any CPU
		{6780ACC5-60FE-40F9-B01E-A64E73FBFDC0}.Release|ARM.ActiveCfg = Release|Any CPU
		{6780ACC5-60FE-40F9-B01E-A64E73FBFDC0}.Release|ARM.Build.0 = Release|Any CPU
		{6780ACC5-60FE-40F9-B01E-A64E73FBFDC0}.Release|x64.ActiveCfg = Release|Any CPU
		{6780ACC5-60FE-40F9-B01E-A64E73FBFDC0}.Release|x64.Build.0 = Release|Any CPU
		{6780ACC5-60FE-40F9-B01E-A64E73FBFDC0}.Release|x86.ActiveCfg = Release|Any CPU
		{6780ACC5-60FE-40F9-B01E-A64E73FBFDC0}.Release|x86.Build.0 = Release|Any CPU
		{BD4FA5C9-244C-4B04-A5DD-5A3F9389BE71}.Debug|Any CPU.ActiveCfg = Debug|Any CPU
		{BD4FA5C9-244C-4B04-A5DD-5A3F9389BE71}.Debug|Any CPU.Build.0 = Debug|Any CPU
		{BD4FA5C9-244C-4B04-A5DD-5A3F9389BE71}.Debug|ARM.ActiveCfg = Debug|Any CPU
		{BD4FA5C9-244C-4B04-A5DD-5A3F9389BE71}.Debug|ARM.Build.0 = Debug|Any CPU
		{BD4FA5C9-244C-4B04-A5DD-5A3F9389BE71}.Debug|x64.ActiveCfg = Debug|Any CPU
		{BD4FA5C9-244C-4B04-A5DD-5A3F9389BE71}.Debug|x64.Build.0 = Debug|Any CPU
		{BD4FA5C9-244C-4B04-A5DD-5A3F9389BE71}.Debug|x86.ActiveCfg = Debug|Any CPU
		{BD4FA5C9-244C-4B04-A5DD-5A3F9389BE71}.Debug|x86.Build.0 = Debug|Any CPU
		{BD4FA5C9-244C-4B04-A5DD-5A3F9389BE71}.Release|Any CPU.ActiveCfg = Release|Any CPU
		{BD4FA5C9-244C-4B04-A5DD-5A3F9389BE71}.Release|Any CPU.Build.0 = Release|Any CPU
		{BD4FA5C9-244C-4B04-A5DD-5A3F9389BE71}.Release|ARM.ActiveCfg = Release|Any CPU
		{BD4FA5C9-244C-4B04-A5DD-5A3F9389BE71}.Release|ARM.Build.0 = Release|Any CPU
		{BD4FA5C9-244C-4B04-A5DD-5A3F9389BE71}.Release|x64.ActiveCfg = Release|Any CPU
		{BD4FA5C9-244C-4B04-A5DD-5A3F9389BE71}.Release|x64.Build.0 = Release|Any CPU
		{BD4FA5C9-244C-4B04-A5DD-5A3F9389BE71}.Release|x86.ActiveCfg = Release|Any CPU
		{BD4FA5C9-244C-4B04-A5DD-5A3F9389BE71}.Release|x86.Build.0 = Release|Any CPU
		{99EB2311-D22F-4830-ACC4-08FA075F8D69}.Debug|Any CPU.ActiveCfg = Debug|Any CPU
		{99EB2311-D22F-4830-ACC4-08FA075F8D69}.Debug|Any CPU.Build.0 = Debug|Any CPU
		{99EB2311-D22F-4830-ACC4-08FA075F8D69}.Debug|ARM.ActiveCfg = Debug|ARM
		{99EB2311-D22F-4830-ACC4-08FA075F8D69}.Debug|ARM.Build.0 = Debug|ARM
		{99EB2311-D22F-4830-ACC4-08FA075F8D69}.Debug|x64.ActiveCfg = Debug|x64
		{99EB2311-D22F-4830-ACC4-08FA075F8D69}.Debug|x64.Build.0 = Debug|x64
		{99EB2311-D22F-4830-ACC4-08FA075F8D69}.Debug|x86.ActiveCfg = Debug|x86
		{99EB2311-D22F-4830-ACC4-08FA075F8D69}.Debug|x86.Build.0 = Debug|x86
		{99EB2311-D22F-4830-ACC4-08FA075F8D69}.Release|Any CPU.ActiveCfg = Release|Any CPU
		{99EB2311-D22F-4830-ACC4-08FA075F8D69}.Release|Any CPU.Build.0 = Release|Any CPU
		{99EB2311-D22F-4830-ACC4-08FA075F8D69}.Release|ARM.ActiveCfg = Release|ARM
		{99EB2311-D22F-4830-ACC4-08FA075F8D69}.Release|ARM.Build.0 = Release|ARM
		{99EB2311-D22F-4830-ACC4-08FA075F8D69}.Release|x64.ActiveCfg = Release|x64
		{99EB2311-D22F-4830-ACC4-08FA075F8D69}.Release|x64.Build.0 = Release|x64
		{99EB2311-D22F-4830-ACC4-08FA075F8D69}.Release|x86.ActiveCfg = Release|x86
		{99EB2311-D22F-4830-ACC4-08FA075F8D69}.Release|x86.Build.0 = Release|x86
		{7B435419-0C10-4862-AF53-A7D868E906E1}.Debug|Any CPU.ActiveCfg = Debug|Any CPU
		{7B435419-0C10-4862-AF53-A7D868E906E1}.Debug|Any CPU.Build.0 = Debug|Any CPU
		{7B435419-0C10-4862-AF53-A7D868E906E1}.Debug|ARM.ActiveCfg = Debug|ARM
		{7B435419-0C10-4862-AF53-A7D868E906E1}.Debug|ARM.Build.0 = Debug|ARM
		{7B435419-0C10-4862-AF53-A7D868E906E1}.Debug|x64.ActiveCfg = Debug|Any CPU
		{7B435419-0C10-4862-AF53-A7D868E906E1}.Debug|x64.Build.0 = Debug|Any CPU
		{7B435419-0C10-4862-AF53-A7D868E906E1}.Debug|x86.ActiveCfg = Debug|x86
		{7B435419-0C10-4862-AF53-A7D868E906E1}.Debug|x86.Build.0 = Debug|x86
		{7B435419-0C10-4862-AF53-A7D868E906E1}.Release|Any CPU.ActiveCfg = Release|Any CPU
		{7B435419-0C10-4862-AF53-A7D868E906E1}.Release|Any CPU.Build.0 = Release|Any CPU
		{7B435419-0C10-4862-AF53-A7D868E906E1}.Release|ARM.ActiveCfg = Release|ARM
		{7B435419-0C10-4862-AF53-A7D868E906E1}.Release|ARM.Build.0 = Release|ARM
		{7B435419-0C10-4862-AF53-A7D868E906E1}.Release|x64.ActiveCfg = Release|Any CPU
		{7B435419-0C10-4862-AF53-A7D868E906E1}.Release|x64.Build.0 = Release|Any CPU
		{7B435419-0C10-4862-AF53-A7D868E906E1}.Release|x86.ActiveCfg = Release|x86
		{7B435419-0C10-4862-AF53-A7D868E906E1}.Release|x86.Build.0 = Release|x86
		{81F1443B-4C3C-493D-9C97-F0BD1E38D42D}.Debug|Any CPU.ActiveCfg = Debug|Any CPU
		{81F1443B-4C3C-493D-9C97-F0BD1E38D42D}.Debug|Any CPU.Build.0 = Debug|Any CPU
		{81F1443B-4C3C-493D-9C97-F0BD1E38D42D}.Debug|ARM.ActiveCfg = Debug|ARM
		{81F1443B-4C3C-493D-9C97-F0BD1E38D42D}.Debug|ARM.Build.0 = Debug|ARM
		{81F1443B-4C3C-493D-9C97-F0BD1E38D42D}.Debug|x64.ActiveCfg = Debug|Any CPU
		{81F1443B-4C3C-493D-9C97-F0BD1E38D42D}.Debug|x64.Build.0 = Debug|Any CPU
		{81F1443B-4C3C-493D-9C97-F0BD1E38D42D}.Debug|x86.ActiveCfg = Debug|x86
		{81F1443B-4C3C-493D-9C97-F0BD1E38D42D}.Debug|x86.Build.0 = Debug|x86
		{81F1443B-4C3C-493D-9C97-F0BD1E38D42D}.Release|Any CPU.ActiveCfg = Release|Any CPU
		{81F1443B-4C3C-493D-9C97-F0BD1E38D42D}.Release|Any CPU.Build.0 = Release|Any CPU
		{81F1443B-4C3C-493D-9C97-F0BD1E38D42D}.Release|ARM.ActiveCfg = Release|ARM
		{81F1443B-4C3C-493D-9C97-F0BD1E38D42D}.Release|ARM.Build.0 = Release|ARM
		{81F1443B-4C3C-493D-9C97-F0BD1E38D42D}.Release|x64.ActiveCfg = Release|Any CPU
		{81F1443B-4C3C-493D-9C97-F0BD1E38D42D}.Release|x64.Build.0 = Release|Any CPU
		{81F1443B-4C3C-493D-9C97-F0BD1E38D42D}.Release|x86.ActiveCfg = Release|x86
		{81F1443B-4C3C-493D-9C97-F0BD1E38D42D}.Release|x86.Build.0 = Release|x86
	EndGlobalSection
	GlobalSection(SolutionProperties) = preSolution
		HideSolutionNode = FALSE
	EndGlobalSection
	GlobalSection(NestedProjects) = preSolution
		{BD4FA5C9-244C-4B04-A5DD-5A3F9389BE71} = {4E23F14C-621A-4009-9FB5-C6771DD93FFC}
	EndGlobalSection
EndGlobal
